# This file is automatically @generated by Cargo.
# It is not intended for manual editing.
version = 3

[[package]]
name = "aya-ebpf"
version = "0.1.0"
source = "git+https://git.mirrors.dragonos.org.cn/DragonOS-Community/aya.git?rev=3d57d35#3d57d358e40591acf23dfde740697fbfff026410"
dependencies = [
 "aya-ebpf-bindings",
 "aya-ebpf-cty",
 "aya-ebpf-macros",
 "rustversion",
]

[[package]]
name = "aya-ebpf-bindings"
version = "0.1.0"
source = "git+https://git.mirrors.dragonos.org.cn/DragonOS-Community/aya.git?rev=3d57d35#3d57d358e40591acf23dfde740697fbfff026410"
dependencies = [
 "aya-ebpf-cty",
]

[[package]]
name = "aya-ebpf-cty"
version = "0.2.1"
source = "git+https://git.mirrors.dragonos.org.cn/DragonOS-Community/aya.git?rev=3d57d35#3d57d358e40591acf23dfde740697fbfff026410"

[[package]]
name = "aya-ebpf-macros"
version = "0.1.0"
source = "git+https://git.mirrors.dragonos.org.cn/DragonOS-Community/aya.git?rev=3d57d35#3d57d358e40591acf23dfde740697fbfff026410"
dependencies = [
 "proc-macro-error",
 "proc-macro2",
 "quote",
 "syn",
]

[[package]]
name = "aya-log-common"
version = "0.1.14"
source = "git+https://git.mirrors.dragonos.org.cn/DragonOS-Community/aya.git?rev=3d57d35#3d57d358e40591acf23dfde740697fbfff026410"
dependencies = [
 "num_enum",
]

[[package]]
name = "aya-log-ebpf"
version = "0.1.0"
source = "git+https://git.mirrors.dragonos.org.cn/DragonOS-Community/aya.git?rev=3d57d35#3d57d358e40591acf23dfde740697fbfff026410"
dependencies = [
 "aya-ebpf",
 "aya-log-common",
 "aya-log-ebpf-macros",
]

[[package]]
name = "aya-log-ebpf-macros"
version = "0.1.0"
source = "git+https://git.mirrors.dragonos.org.cn/DragonOS-Community/aya.git?rev=3d57d35#3d57d358e40591acf23dfde740697fbfff026410"
dependencies = [
 "aya-log-common",
 "aya-log-parser",
 "proc-macro2",
 "quote",
 "syn",
]

[[package]]
name = "aya-log-parser"
version = "0.1.13"
source = "git+https://git.mirrors.dragonos.org.cn/DragonOS-Community/aya.git?rev=3d57d35#3d57d358e40591acf23dfde740697fbfff026410"
dependencies = [
 "aya-log-common",
]

[[package]]
name = "num_enum"
version = "0.7.3"
source = "registry+https://github.com/rust-lang/crates.io-index"
checksum = "4e613fc340b2220f734a8595782c551f1250e969d87d3be1ae0579e8d4065179"
dependencies = [
 "num_enum_derive",
]

[[package]]
name = "num_enum_derive"
version = "0.7.3"
source = "registry+https://github.com/rust-lang/crates.io-index"
checksum = "af1844ef2428cc3e1cb900be36181049ef3d3193c63e43026cfe202983b27a56"
dependencies = [
 "proc-macro2",
 "quote",
 "syn",
]

[[package]]
name = "proc-macro-error"
version = "1.0.4"
source = "registry+https://github.com/rust-lang/crates.io-index"
checksum = "da25490ff9892aab3fcf7c36f08cfb902dd3e71ca0f9f9517bea02a73a5ce38c"
dependencies = [
 "proc-macro-error-attr",
 "proc-macro2",
 "quote",
 "version_check",
]

[[package]]
name = "proc-macro-error-attr"
version = "1.0.4"
source = "registry+https://github.com/rust-lang/crates.io-index"
checksum = "a1be40180e52ecc98ad80b184934baf3d0d29f979574e439af5a55274b35f869"
dependencies = [
 "proc-macro2",
 "quote",
 "version_check",
]

[[package]]
name = "proc-macro2"
version = "1.0.89"
source = "registry+https://github.com/rust-lang/crates.io-index"
checksum = "f139b0662de085916d1fb67d2b4169d1addddda1919e696f3252b740b629986e"
dependencies = [
 "unicode-ident",
]

[[package]]
name = "quote"
version = "1.0.37"
source = "registry+https://github.com/rust-lang/crates.io-index"
checksum = "b5b9d34b8991d19d98081b46eacdd8eb58c6f2b201139f7c5f643cc155a633af"
dependencies = [
 "proc-macro2",
]

[[package]]
name = "rustversion"
version = "1.0.18"
source = "registry+https://github.com/rust-lang/crates.io-index"
checksum = "0e819f2bc632f285be6d7cd36e25940d45b2391dd6d9b939e79de557f7014248"

[[package]]
name = "syn"
version = "2.0.85"
source = "registry+https://github.com/rust-lang/crates.io-index"
checksum = "5023162dfcd14ef8f32034d8bcd4cc5ddc61ef7a247c024a33e24e1f24d21b56"
dependencies = [
 "proc-macro2",
 "quote",
 "unicode-ident",
]

[[package]]
name = "syscall_ebpf-common"
version = "0.1.0"

[[package]]
name = "syscall_ebpf-ebpf"
version = "0.1.0"
dependencies = [
 "aya-ebpf",
 "aya-log-ebpf",
 "syscall_ebpf-common",
]

[[package]]
name = "unicode-ident"
version = "1.0.13"
source = "registry+https://github.com/rust-lang/crates.io-index"
checksum = "e91b56cd4cadaeb79bbf1a5645f6b4f8dc5bde8834ad5894a8db35fda9efa1fe"

[[package]]
name = "version_check"
version = "0.9.5"
source = "registry+https://github.com/rust-lang/crates.io-index"
checksum = "0b928f33d975fc6ad9f86c8f283853ad26bdd5b10b7f1542aa2fa15e2289105a"
